// !$*UTF8*$!
{
	archiveVersion = 1;
	classes = {
	};
	objectVersion = 50;
	objects = {

/* Begin PBXBuildFile section */
		D8EDD023258681C6002847DF /* AppDelegate.swift in Sources */ = {isa = PBXBuildFile; fileRef = D8EDD022258681C6002847DF /* AppDelegate.swift */; };
		D8EDD025258681C6002847DF /* SceneDelegate.swift in Sources */ = {isa = PBXBuildFile; fileRef = D8EDD024258681C6002847DF /* SceneDelegate.swift */; };
		D8EDD027258681C6002847DF /* ViewController.swift in Sources */ = {isa = PBXBuildFile; fileRef = D8EDD026258681C6002847DF /* ViewController.swift */; };
		D8EDD02A258681C6002847DF /* Main.storyboard in Resources */ = {isa = PBXBuildFile; fileRef = D8EDD028258681C6002847DF /* Main.storyboard */; };
		D8EDD02C258681C7002847DF /* Assets.xcassets in Resources */ = {isa = PBXBuildFile; fileRef = D8EDD02B258681C7002847DF /* Assets.xcassets */; };
		D8EDD02F258681C7002847DF /* LaunchScreen.storyboard in Resources */ = {isa = PBXBuildFile; fileRef = D8EDD02D258681C7002847DF /* LaunchScreen.storyboard */; };
		D8EDD03A258681C7002847DF /* MeliChallengeTests.swift in Sources */ = {isa = PBXBuildFile; fileRef = D8EDD039258681C7002847DF /* MeliChallengeTests.swift */; };
		D8EDD045258681C8002847DF /* MeliChallengeUITests.swift in Sources */ = {isa = PBXBuildFile; fileRef = D8EDD044258681C8002847DF /* MeliChallengeUITests.swift */; };
/* End PBXBuildFile section */

/* Begin PBXContainerItemProxy section */
		D8EDD036258681C7002847DF /* PBXContainerItemProxy */ = {
			isa = PBXContainerItemProxy;
			containerPortal = D8EDD017258681C6002847DF /* Project object */;
			proxyType = 1;
			remoteGlobalIDString = D8EDD01E258681C6002847DF;
			remoteInfo = MeliChallenge;
		};
		D8EDD041258681C8002847DF /* PBXContainerItemProxy */ = {
			isa = PBXContainerItemProxy;
			containerPortal = D8EDD017258681C6002847DF /* Project object */;
			proxyType = 1;
			remoteGlobalIDString = D8EDD01E258681C6002847DF;
			remoteInfo = MeliChallenge;
		};
/* End PBXContainerItemProxy section */

/* Begin PBXFileReference section */
		D8EDD01F258681C6002847DF /* MeliChallenge.app */ = {isa = PBXFileReference; explicitFileType = wrapper.application; includeInIndex = 0; path = MeliChallenge.app; sourceTree = BUILT_PRODUCTS_DIR; };
		D8EDD022258681C6002847DF /* AppDelegate.swift */ = {isa = PBXFileReference; lastKnownFileType = sourcecode.swift; path = AppDelegate.swift; sourceTree = "<group>"; };
		D8EDD024258681C6002847DF /* SceneDelegate.swift */ = {isa = PBXFileReference; lastKnownFileType = sourcecode.swift; path = SceneDelegate.swift; sourceTree = "<group>"; };
		D8EDD026258681C6002847DF /* ViewController.swift */ = {isa = PBXFileReference; lastKnownFileType = sourcecode.swift; path = ViewController.swift; sourceTree = "<group>"; };
		D8EDD029258681C6002847DF /* Base */ = {isa = PBXFileReference; lastKnownFileType = file.storyboard; name = Base; path = Base.lproj/Main.storyboard; sourceTree = "<group>"; };
		D8EDD02B258681C7002847DF /* Assets.xcassets */ = {isa = PBXFileReference; lastKnownFileType = folder.assetcatalog; path = Assets.xcassets; sourceTree = "<group>"; };
		D8EDD02E258681C7002847DF /* Base */ = {isa = PBXFileReference; lastKnownFileType = file.storyboard; name = Base; path = Base.lproj/LaunchScreen.storyboard; sourceTree = "<group>"; };
		D8EDD030258681C7002847DF /* Info.plist */ = {isa = PBXFileReference; lastKnownFileType = text.plist.xml; path = Info.plist; sourceTree = "<group>"; };
		D8EDD035258681C7002847DF /* MeliChallengeTests.xctest */ = {isa = PBXFileReference; explicitFileType = wrapper.cfbundle; includeInIndex = 0; path = MeliChallengeTests.xctest; sourceTree = BUILT_PRODUCTS_DIR; };
		D8EDD039258681C7002847DF /* MeliChallengeTests.swift */ = {isa = PBXFileReference; lastKnownFileType = sourcecode.swift; path = MeliChallengeTests.swift; sourceTree = "<group>"; };
		D8EDD03B258681C7002847DF /* Info.plist */ = {isa = PBXFileReference; lastKnownFileType = text.plist.xml; path = Info.plist; sourceTree = "<group>"; };
		D8EDD040258681C8002847DF /* MeliChallengeUITests.xctest */ = {isa = PBXFileReference; explicitFileType = wrapper.cfbundle; includeInIndex = 0; path = MeliChallengeUITests.xctest; sourceTree = BUILT_PRODUCTS_DIR; };
		D8EDD044258681C8002847DF /* MeliChallengeUITests.swift */ = {isa = PBXFileReference; lastKnownFileType = sourcecode.swift; path = MeliChallengeUITests.swift; sourceTree = "<group>"; };
		D8EDD046258681C8002847DF /* Info.plist */ = {isa = PBXFileReference; lastKnownFileType = text.plist.xml; path = Info.plist; sourceTree = "<group>"; };
/* End PBXFileReference section */

/* Begin PBXFrameworksBuildPhase section */
		D8EDD01C258681C6002847DF /* Frameworks */ = {
			isa = PBXFrameworksBuildPhase;
			buildActionMask = 2147483647;
			files = (
			);
			runOnlyForDeploymentPostprocessing = 0;
		};
		D8EDD032258681C7002847DF /* Frameworks */ = {
			isa = PBXFrameworksBuildPhase;
			buildActionMask = 2147483647;
			files = (
			);
			runOnlyForDeploymentPostprocessing = 0;
		};
		D8EDD03D258681C8002847DF /* Frameworks */ = {
			isa = PBXFrameworksBuildPhase;
			buildActionMask = 2147483647;
			files = (
			);
			runOnlyForDeploymentPostprocessing = 0;
		};
/* End PBXFrameworksBuildPhase section */

/* Begin PBXGroup section */
		D8EDD016258681C6002847DF = {
			isa = PBXGroup;
			children = (
				D8EDD021258681C6002847DF /* MeliChallenge */,
				D8EDD038258681C7002847DF /* MeliChallengeTests */,
				D8EDD043258681C8002847DF /* MeliChallengeUITests */,
				D8EDD020258681C6002847DF /* Products */,
			);
			sourceTree = "<group>";
		};
		D8EDD020258681C6002847DF /* Products */ = {
			isa = PBXGroup;
			children = (
				D8EDD01F258681C6002847DF /* MeliChallenge.app */,
				D8EDD035258681C7002847DF /* MeliChallengeTests.xctest */,
				D8EDD040258681C8002847DF /* MeliChallengeUITests.xctest */,
			);
			name = Products;
			sourceTree = "<group>";
		};
		D8EDD021258681C6002847DF /* MeliChallenge */ = {
			isa = PBXGroup;
			children = (
				D8EDD022258681C6002847DF /* AppDelegate.swift */,
				D8EDD024258681C6002847DF /* SceneDelegate.swift */,
				D8EDD026258681C6002847DF /* ViewController.swift */,
				D8EDD028258681C6002847DF /* Main.storyboard */,
				D8EDD02B258681C7002847DF /* Assets.xcassets */,
				D8EDD02D258681C7002847DF /* LaunchScreen.storyboard */,
				D8EDD030258681C7002847DF /* Info.plist */,
			);
			path = MeliChallenge;
			sourceTree = "<group>";
		};
		D8EDD038258681C7002847DF /* MeliChallengeTests */ = {
			isa = PBXGroup;
			children = (
				D8EDD039258681C7002847DF /* MeliChallengeTests.swift */,
				D8EDD03B258681C7002847DF /* Info.plist */,
			);
			path = MeliChallengeTests;
			sourceTree = "<group>";
		};
		D8EDD043258681C8002847DF /* MeliChallengeUITests */ = {
			isa = PBXGroup;
			children = (
				D8EDD044258681C8002847DF /* MeliChallengeUITests.swift */,
				D8EDD046258681C8002847DF /* Info.plist */,
			);
			path = MeliChallengeUITests;
			sourceTree = "<group>";
		};
/* End PBXGroup section */

/* Begin PBXNativeTarget section */
		D8EDD01E258681C6002847DF /* MeliChallenge */ = {
			isa = PBXNativeTarget;
			buildConfigurationList = D8EDD049258681C8002847DF /* Build configuration list for PBXNativeTarget "MeliChallenge" */;
			buildPhases = (
				D8EDD01B258681C6002847DF /* Sources */,
				D8EDD01C258681C6002847DF /* Frameworks */,
				D8EDD01D258681C6002847DF /* Resources */,
			);
			buildRules = (
			);
			dependencies = (
			);
			name = MeliChallenge;
			productName = MeliChallenge;
			productReference = D8EDD01F258681C6002847DF /* MeliChallenge.app */;
			productType = "com.apple.product-type.application";
		};
		D8EDD034258681C7002847DF /* MeliChallengeTests */ = {
			isa = PBXNativeTarget;
			buildConfigurationList = D8EDD04C258681C8002847DF /* Build configuration list for PBXNativeTarget "MeliChallengeTests" */;
			buildPhases = (
				D8EDD031258681C7002847DF /* Sources */,
				D8EDD032258681C7002847DF /* Frameworks */,
				D8EDD033258681C7002847DF /* Resources */,
			);
			buildRules = (
			);
			dependencies = (
				D8EDD037258681C7002847DF /* PBXTargetDependency */,
			);
			name = MeliChallengeTests;
			productName = MeliChallengeTests;
			productReference = D8EDD035258681C7002847DF /* MeliChallengeTests.xctest */;
			productType = "com.apple.product-type.bundle.unit-test";
		};
		D8EDD03F258681C8002847DF /* MeliChallengeUITests */ = {
			isa = PBXNativeTarget;
			buildConfigurationList = D8EDD04F258681C8002847DF /* Build configuration list for PBXNativeTarget "MeliChallengeUITests" */;
			buildPhases = (
				D8EDD03C258681C8002847DF /* Sources */,
				D8EDD03D258681C8002847DF /* Frameworks */,
				D8EDD03E258681C8002847DF /* Resources */,
			);
			buildRules = (
			);
			dependencies = (
				D8EDD042258681C8002847DF /* PBXTargetDependency */,
			);
			name = MeliChallengeUITests;
			productName = MeliChallengeUITests;
			productReference = D8EDD040258681C8002847DF /* MeliChallengeUITests.xctest */;
			productType = "com.apple.product-type.bundle.ui-testing";
		};
/* End PBXNativeTarget section */

/* Begin PBXProject section */
		D8EDD017258681C6002847DF /* Project object */ = {
			isa = PBXProject;
			attributes = {
				LastSwiftUpdateCheck = 1220;
				LastUpgradeCheck = 1220;
				TargetAttributes = {
					D8EDD01E258681C6002847DF = {
						CreatedOnToolsVersion = 12.2;
					};
					D8EDD034258681C7002847DF = {
						CreatedOnToolsVersion = 12.2;
						TestTargetID = D8EDD01E258681C6002847DF;
					};
					D8EDD03F258681C8002847DF = {
						CreatedOnToolsVersion = 12.2;
						TestTargetID = D8EDD01E258681C6002847DF;
					};
				};
			};
			buildConfigurationList = D8EDD01A258681C6002847DF /* Build configuration list for PBXProject "MeliChallenge" */;
			compatibilityVersion = "Xcode 9.3";
			developmentRegion = en;
			hasScannedForEncodings = 0;
			knownRegions = (
				en,
				Base,
			);
			mainGroup = D8EDD016258681C6002847DF;
			productRefGroup = D8EDD020258681C6002847DF /* Products */;
			projectDirPath = "";
			projectRoot = "";
			targets = (
				D8EDD01E258681C6002847DF /* MeliChallenge */,
				D8EDD034258681C7002847DF /* MeliChallengeTests */,
				D8EDD03F258681C8002847DF /* MeliChallengeUITests */,
			);
		};
/* End PBXProject section */

/* Begin PBXResourcesBuildPhase section */
		D8EDD01D258681C6002847DF /* Resources */ = {
			isa = PBXResourcesBuildPhase;
			buildActionMask = 2147483647;
			files = (
				D8EDD02F258681C7002847DF /* LaunchScreen.storyboard in Resources */,
				D8EDD02C258681C7002847DF /* Assets.xcassets in Resources */,
				D8EDD02A258681C6002847DF /* Main.storyboard in Resources */,
			);
			runOnlyForDeploymentPostprocessing = 0;
		};
		D8EDD033258681C7002847DF /* Resources */ = {
			isa = PBXResourcesBuildPhase;
			buildActionMask = 2147483647;
			files = (
			);
			runOnlyForDeploymentPostprocessing = 0;
		};
		D8EDD03E258681C8002847DF /* Resources */ = {
			isa = PBXResourcesBuildPhase;
			buildActionMask = 2147483647;
			files = (
			);
			runOnlyForDeploymentPostprocessing = 0;
		};
/* End PBXResourcesBuildPhase section */

/* Begin PBXSourcesBuildPhase section */
		D8EDD01B258681C6002847DF /* Sources */ = {
			isa = PBXSourcesBuildPhase;
			buildActionMask = 2147483647;
			files = (
				D8EDD027258681C6002847DF /* ViewController.swift in Sources */,
				D8EDD023258681C6002847DF /* AppDelegate.swift in Sources */,
				D8EDD025258681C6002847DF /* SceneDelegate.swift in Sources */,
			);
			runOnlyForDeploymentPostprocessing = 0;
		};
		D8EDD031258681C7002847DF /* Sources */ = {
			isa = PBXSourcesBuildPhase;
			buildActionMask = 2147483647;
			files = (
				D8EDD03A258681C7002847DF /* MeliChallengeTests.swift in Sources */,
			);
			runOnlyForDeploymentPostprocessing = 0;
		};
		D8EDD03C258681C8002847DF /* Sources */ = {
			isa = PBXSourcesBuildPhase;
			buildActionMask = 2147483647;
			files = (
				D8EDD045258681C8002847DF /* MeliChallengeUITests.swift in Sources */,
			);
			runOnlyForDeploymentPostprocessing = 0;
		};
/* End PBXSourcesBuildPhase section */

/* Begin PBXTargetDependency section */
		D8EDD037258681C7002847DF /* PBXTargetDependency */ = {
			isa = PBXTargetDependency;
			target = D8EDD01E258681C6002847DF /* MeliChallenge */;
			targetProxy = D8EDD036258681C7002847DF /* PBXContainerItemProxy */;
		};
		D8EDD042258681C8002847DF /* PBXTargetDependency */ = {
			isa = PBXTargetDependency;
			target = D8EDD01E258681C6002847DF /* MeliChallenge */;
			targetProxy = D8EDD041258681C8002847DF /* PBXContainerItemProxy */;
		};
/* End PBXTargetDependency section */

/* Begin PBXVariantGroup section */
		D8EDD028258681C6002847DF /* Main.storyboard */ = {
			isa = PBXVariantGroup;
			children = (
				D8EDD029258681C6002847DF /* Base */,
			);
			name = Main.storyboard;
			sourceTree = "<group>";
		};
		D8EDD02D258681C7002847DF /* LaunchScreen.storyboard */ = {
			isa = PBXVariantGroup;
			children = (
				D8EDD02E258681C7002847DF /* Base */,
			);
			name = LaunchScreen.storyboard;
			sourceTree = "<group>";
		};
/* End PBXVariantGroup section */

/* Begin XCBuildConfiguration section */
		D8EDD047258681C8002847DF /* Debug */ = {
			isa = XCBuildConfiguration;
			buildSettings = {
				ALWAYS_SEARCH_USER_PATHS = NO;
				CLANG_ANALYZER_NONNULL = YES;
				CLANG_ANALYZER_NUMBER_OBJECT_CONVERSION = YES_AGGRESSIVE;
				CLANG_CXX_LANGUAGE_STANDARD = "gnu++14";
				CLANG_CXX_LIBRARY = "libc++";
				CLANG_ENABLE_MODULES = YES;
				CLANG_ENABLE_OBJC_ARC = YES;
				CLANG_ENABLE_OBJC_WEAK = YES;
				CLANG_WARN_BLOCK_CAPTURE_AUTORELEASING = YES;
				CLANG_WARN_BOOL_CONVERSION = YES;
				CLANG_WARN_COMMA = YES;
				CLANG_WARN_CONSTANT_CONVERSION = YES;
				CLANG_WARN_DEPRECATED_OBJC_IMPLEMENTATIONS = YES;
				CLANG_WARN_DIRECT_OBJC_ISA_USAGE = YES_ERROR;
				CLANG_WARN_DOCUMENTATION_COMMENTS = YES;
				CLANG_WARN_EMPTY_BODY = YES;
				CLANG_WARN_ENUM_CONVERSION = YES;
				CLANG_WARN_INFINITE_RECURSION = YES;
				CLANG_WARN_INT_CONVERSION = YES;
				CLANG_WARN_NON_LITERAL_NULL_CONVERSION = YES;
				CLANG_WARN_OBJC_IMPLICIT_RETAIN_SELF = YES;
				CLANG_WARN_OBJC_LITERAL_CONVERSION = YES;
				CLANG_WARN_OBJC_ROOT_CLASS = YES_ERROR;
				CLANG_WARN_QUOTED_INCLUDE_IN_FRAMEWORK_HEADER = YES;
				CLANG_WARN_RANGE_LOOP_ANALYSIS = YES;
				CLANG_WARN_STRICT_PROTOTYPES = YES;
				CLANG_WARN_SUSPICIOUS_MOVE = YES;
				CLANG_WARN_UNGUARDED_AVAILABILITY = YES_AGGRESSIVE;
				CLANG_WARN_UNREACHABLE_CODE = YES;
				CLANG_WARN__DUPLICATE_METHOD_MATCH = YES;
				COPY_PHASE_STRIP = NO;
				DEBUG_INFORMATION_FORMAT = dwarf;
				ENABLE_STRICT_OBJC_MSGSEND = YES;
				ENABLE_TESTABILITY = YES;
				GCC_C_LANGUAGE_STANDARD = gnu11;
				GCC_DYNAMIC_NO_PIC = NO;
				GCC_NO_COMMON_BLOCKS = YES;
				GCC_OPTIMIZATION_LEVEL = 0;
				GCC_PREPROCESSOR_DEFINITIONS = (
					"DEBUG=1",
					"$(inherited)",
				);
				GCC_WARN_64_TO_32_BIT_CONVERSION = YES;
				GCC_WARN_ABOUT_RETURN_TYPE = YES_ERROR;
				GCC_WARN_UNDECLARED_SELECTOR = YES;
				GCC_WARN_UNINITIALIZED_AUTOS = YES_AGGRESSIVE;
				GCC_WARN_UNUSED_FUNCTION = YES;
				GCC_WARN_UNUSED_VARIABLE = YES;
				IPHONEOS_DEPLOYMENT_TARGET = 14.2;
				MTL_ENABLE_DEBUG_INFO = INCLUDE_SOURCE;
				MTL_FAST_MATH = YES;
				ONLY_ACTIVE_ARCH = YES;
				SDKROOT = iphoneos;
				SWIFT_ACTIVE_COMPILATION_CONDITIONS = DEBUG;
				SWIFT_OPTIMIZATION_LEVEL = "-Onone";
			};
			name = Debug;
		};
		D8EDD048258681C8002847DF /* Release */ = {
			isa = XCBuildConfiguration;
			buildSettings = {
				ALWAYS_SEARCH_USER_PATHS = NO;
				CLANG_ANALYZER_NONNULL = YES;
				CLANG_ANALYZER_NUMBER_OBJECT_CONVERSION = YES_AGGRESSIVE;
				CLANG_CXX_LANGUAGE_STANDARD = "gnu++14";
				CLANG_CXX_LIBRARY = "libc++";
				CLANG_ENABLE_MODULES = YES;
				CLANG_ENABLE_OBJC_ARC = YES;
				CLANG_ENABLE_OBJC_WEAK = YES;
				CLANG_WARN_BLOCK_CAPTURE_AUTORELEASING = YES;
				CLANG_WARN_BOOL_CONVERSION = YES;
				CLANG_WARN_COMMA = YES;
				CLANG_WARN_CONSTANT_CONVERSION = YES;
				CLANG_WARN_DEPRECATED_OBJC_IMPLEMENTATIONS = YES;
				CLANG_WARN_DIRECT_OBJC_ISA_USAGE = YES_ERROR;
				CLANG_WARN_DOCUMENTATION_COMMENTS = YES;
				CLANG_WARN_EMPTY_BODY = YES;
				CLANG_WARN_ENUM_CONVERSION = YES;
				CLANG_WARN_INFINITE_RECURSION = YES;
				CLANG_WARN_INT_CONVERSION = YES;
				CLANG_WARN_NON_LITERAL_NULL_CONVERSION = YES;
				CLANG_WARN_OBJC_IMPLICIT_RETAIN_SELF = YES;
				CLANG_WARN_OBJC_LITERAL_CONVERSION = YES;
				CLANG_WARN_OBJC_ROOT_CLASS = YES_ERROR;
				CLANG_WARN_QUOTED_INCLUDE_IN_FRAMEWORK_HEADER = YES;
				CLANG_WARN_RANGE_LOOP_ANALYSIS = YES;
				CLANG_WARN_STRICT_PROTOTYPES = YES;
				CLANG_WARN_SUSPICIOUS_MOVE = YES;
				CLANG_WARN_UNGUARDED_AVAILABILITY = YES_AGGRESSIVE;
				CLANG_WARN_UNREACHABLE_CODE = YES;
				CLANG_WARN__DUPLICATE_METHOD_MATCH = YES;
				COPY_PHASE_STRIP = NO;
				DEBUG_INFORMATION_FORMAT = "dwarf-with-dsym";
				ENABLE_NS_ASSERTIONS = NO;
				ENABLE_STRICT_OBJC_MSGSEND = YES;
				GCC_C_LANGUAGE_STANDARD = gnu11;
				GCC_NO_COMMON_BLOCKS = YES;
				GCC_WARN_64_TO_32_BIT_CONVERSION = YES;
				GCC_WARN_ABOUT_RETURN_TYPE = YES_ERROR;
				GCC_WARN_UNDECLARED_SELECTOR = YES;
				GCC_WARN_UNINITIALIZED_AUTOS = YES_AGGRESSIVE;
				GCC_WARN_UNUSED_FUNCTION = YES;
				GCC_WARN_UNUSED_VARIABLE = YES;
				IPHONEOS_DEPLOYMENT_TARGET = 14.2;
				MTL_ENABLE_DEBUG_INFO = NO;
				MTL_FAST_MATH = YES;
				SDKROOT = iphoneos;
				SWIFT_COMPILATION_MODE = wholemodule;
				SWIFT_OPTIMIZATION_LEVEL = "-O";
				VALIDATE_PRODUCT = YES;
			};
			name = Release;
		};
		D8EDD04A258681C8002847DF /* Debug */ = {
			isa = XCBuildConfiguration;
			buildSettings = {
				ASSETCATALOG_COMPILER_APPICON_NAME = AppIcon;
				ASSETCATALOG_COMPILER_GLOBAL_ACCENT_COLOR_NAME = AccentColor;
				CODE_SIGN_STYLE = Automatic;
				DEVELOPMENT_TEAM = 4BL59P7784;
				INFOPLIST_FILE = MeliChallenge/Info.plist;
				LD_RUNPATH_SEARCH_PATHS = (
					"$(inherited)",
					"@executable_path/Frameworks",
				);
				PRODUCT_BUNDLE_IDENTIFIER = lucasdepetris.MeliChallenge;
				PRODUCT_NAME = "$(TARGET_NAME)";
				SWIFT_VERSION = 5.0;
				TARGETED_DEVICE_FAMILY = "1,2";
			};
			name = Debug;
		};
		D8EDD04B258681C8002847DF /* Release */ = {
			isa = XCBuildConfiguration;
			buildSettings = {
				ASSETCATALOG_COMPILER_APPICON_NAME = AppIcon;
				ASSETCATALOG_COMPILER_GLOBAL_ACCENT_COLOR_NAME = AccentColor;
				CODE_SIGN_STYLE = Automatic;
				DEVELOPMENT_TEAM = 4BL59P7784;
				INFOPLIST_FILE = MeliChallenge/Info.plist;
				LD_RUNPATH_SEARCH_PATHS = (
					"$(inherited)",
					"@executable_path/Frameworks",
				);
				PRODUCT_BUNDLE_IDENTIFIER = lucasdepetris.MeliChallenge;
				PRODUCT_NAME = "$(TARGET_NAME)";
				SWIFT_VERSION = 5.0;
				TARGETED_DEVICE_FAMILY = "1,2";
			};
			name = Release;
		};
		D8EDD04D258681C8002847DF /* Debug */ = {
			isa = XCBuildConfiguration;
			buildSettings = {
				ALWAYS_EMBED_SWIFT_STANDARD_LIBRARIES = YES;
				BUNDLE_LOADER = "$(TEST_HOST)";
				CODE_SIGN_STYLE = Automatic;
				DEVELOPMENT_TEAM = 4BL59P7784;
				INFOPLIST_FILE = MeliChallengeTests/Info.plist;
				IPHONEOS_DEPLOYMENT_TARGET = 14.2;
				LD_RUNPATH_SEARCH_PATHS = (
					"$(inherited)",
					"@executable_path/Frameworks",
					"@loader_path/Frameworks",
				);
				PRODUCT_BUNDLE_IDENTIFIER = lucasdepetris.MeliChallengeTests;
				PRODUCT_NAME = "$(TARGET_NAME)";
				SWIFT_VERSION = 5.0;
				TARGETED_DEVICE_FAMILY = "1,2";
				TEST_HOST = "$(BUILT_PRODUCTS_DIR)/MeliChallenge.app/MeliChallenge";
			};
			name = Debug;
		};
		D8EDD04E258681C8002847DF /* Release */ = {
			isa = XCBuildConfiguration;
			buildSettings = {
				ALWAYS_EMBED_SWIFT_STANDARD_LIBRARIES = YES;
				BUNDLE_LOADER = "$(TEST_HOST)";
				CODE_SIGN_STYLE = Automatic;
				DEVELOPMENT_TEAM = 4BL59P7784;
				INFOPLIST_FILE = MeliChallengeTests/Info.plist;
				IPHONEOS_DEPLOYMENT_TARGET = 14.2;
				LD_RUNPATH_SEARCH_PATHS = (
					"$(inherited)",
					"@executable_path/Frameworks",
					"@loader_path/Frameworks",
				);
				PRODUCT_BUNDLE_IDENTIFIER = lucasdepetris.MeliChallengeTests;
				PRODUCT_NAME = "$(TARGET_NAME)";
				SWIFT_VERSION = 5.0;
				TARGETED_DEVICE_FAMILY = "1,2";
				TEST_HOST = "$(BUILT_PRODUCTS_DIR)/MeliChallenge.app/MeliChallenge";
			};
			name = Release;
		};
		D8EDD050258681C8002847DF /* Debug */ = {
			isa = XCBuildConfiguration;
			buildSettings = {
				ALWAYS_EMBED_SWIFT_STANDARD_LIBRARIES = YES;
				CODE_SIGN_STYLE = Automatic;
				DEVELOPMENT_TEAM = 4BL59P7784;
				INFOPLIST_FILE = MeliChallengeUITests/Info.plist;
				LD_RUNPATH_SEARCH_PATHS = (
					"$(inherited)",
					"@executable_path/Frameworks",
					"@loader_path/Frameworks",
				);
				PRODUCT_BUNDLE_IDENTIFIER = lucasdepetris.MeliChallengeUITests;
				PRODUCT_NAME = "$(TARGET_NAME)";
				SWIFT_VERSION = 5.0;
				TARGETED_DEVICE_FAMILY = "1,2";
				TEST_TARGET_NAME = MeliChallenge;
			};
			name = Debug;
		};
		D8EDD051258681C8002847DF /* Release */ = {
			isa = XCBuildConfiguration;
			buildSettings = {
				ALWAYS_EMBED_SWIFT_STANDARD_LIBRARIES = YES;
				CODE_SIGN_STYLE = Automatic;
				DEVELOPMENT_TEAM = 4BL59P7784;
				INFOPLIST_FILE = MeliChallengeUITests/Info.plist;
				LD_RUNPATH_SEARCH_PATHS = (
					"$(inherited)",
					"@executable_path/Frameworks",
					"@loader_path/Frameworks",
				);
				PRODUCT_BUNDLE_IDENTIFIER = lucasdepetris.MeliChallengeUITests;
				PRODUCT_NAME = "$(TARGET_NAME)";
				SWIFT_VERSION = 5.0;
				TARGETED_DEVICE_FAMILY = "1,2";
				TEST_TARGET_NAME = MeliChallenge;
			};
			name = Release;
		};
/* End XCBuildConfiguration section */

/* Begin XCConfigurationList section */
		D8EDD01A258681C6002847DF /* Build configuration list for PBXProject "MeliChallenge" */ = {
			isa = XCConfigurationList;
			buildConfigurations = (
				D8EDD047258681C8002847DF /* Debug */,
				D8EDD048258681C8002847DF /* Release */,
			);
			defaultConfigurationIsVisible = 0;
			defaultConfigurationName = Release;
		};
		D8EDD049258681C8002847DF /* Build configuration list for PBXNativeTarget "MeliChallenge" */ = {
			isa = XCConfigurationList;
			buildConfigurations = (
				D8EDD04A258681C8002847DF /* Debug */,
				D8EDD04B258681C8002847DF /* Release */,
			);
			defaultConfigurationIsVisible = 0;
			defaultConfigurationName = Release;
		};
		D8EDD04C258681C8002847DF /* Build configuration list for PBXNativeTarget "MeliChallengeTests" */ = {
			isa = XCConfigurationList;
			buildConfigurations = (
				D8EDD04D258681C8002847DF /* Debug */,
				D8EDD04E258681C8002847DF /* Release */,
			);
			defaultConfigurationIsVisible = 0;
			defaultConfigurationName = Release;
		};
		D8EDD04F258681C8002847DF /* Build configuration list for PBXNativeTarget "MeliChallengeUITests" */ = {
			isa = XCConfigurationList;
			buildConfigurations = (
				D8EDD050258681C8002847DF /* Debug */,
				D8EDD051258681C8002847DF /* Release */,
			);
			defaultConfigurationIsVisible = 0;
			defaultConfigurationName = Release;
		};
/* End XCConfigurationList section */
	};
	rootObject = D8EDD017258681C6002847DF /* Project object */;
}
